github.com/tarm/serial v0.0.0-20180830185346-98f6abe2eb07 h1:UyzmZLoiDWMRywV4DUYb9Fbt8uiOSooupjTq10vpvnU=
github.com/tarm/serial v0.0.0-20180830185346-98f6abe2eb07/go.mod h1:kDXzergiv9cbyO7IOYJZWg1U88JhDg3PB6klq9Hg2pA=
github.com/tshelter/ch9329 v0.1.1 h1:WTPAPv6sQhuhj3FciOQ84XafxJKrCzPvZc0uPX5VvXE=
github.com/tshelter/ch9329 v0.1.1/go.mod h1:l+O1VJ7ETclCK+W12ZnTSCloHaTfS73eXJG92aH0bDU=
github.com/tshelter/ch9329 v0.1.2-0.20250324145440-a54e3cd63388 h1:a17Uz7NufU+a+ZCMx+W1bkdCnn04lT+IRvV9TIMDfig=
github.com/tshelter/ch9329 v0.1.2-0.20250324145440-a54e3cd63388/go.mod h1:l+O1VJ7ETclCK+W12ZnTSCloHaTfS73eXJG92aH0bDU=
github.com/tshelter/ch9329 v0.1.2-0.20250324145825-bc86d890cf5e h1:k9/aqpxYMacVw0fKfgdYYp7rZ02u0U6fPqBM6+rkt+4=
github.com/tshelter/ch9329 v0.1.2-0.20250324145825-bc86d890cf5e/go.mod h1:l+O1VJ7ETclCK+W12ZnTSCloHaTfS73eXJG92aH0bDU=
github.com/tshelter/ch9329 v0.1.2-0.20250324150051-d3613a19b608 h1:8CaUbkH+GVeGG1RqxXcHctpHXGNCXyJdsRe3JpL8jRo=
github.com/tshelter/ch9329 v0.1.2-0.20250324150051-d3613a19b608/go.mod h1:l+O1VJ7ETclCK+W12ZnTSCloHaTfS73eXJG92aH0bDU=
github.com/tshelter/ch9329 v0.1.2-0.20250324150508-6d3a7bc24d0b h1:5BoChzM2rP7e3fSIL0Teq+SlWGYSwztBRI4q2IXbi78=
github.com/tshelter/ch9329 v0.1.2-0.20250324150508-6d3a7bc24d0b/go.mod h1:l+O1VJ7ETclCK+W12ZnTSCloHaTfS73eXJG92aH0bDU=
golang.org/x/sys v0.31.0 h1:ioabZlmFYtWhL+TRYpcnNlLwhyxaM9kWTDEmfnprqik=
golang.org/x/sys v0.31.0/go.mod h1:BJP2sWEmIv4KK5OTEluFJCKSidICx8ciO85XgH3Ak8k=
